PackratFormat: 1.4
PackratVersion: 0.4.3
RVersion: 3.1.2
Repos: CRAN=http://cran.rstudio.com,
    CRANextra=http://www.stats.ox.ac.uk/pub/RWin

Package: R6
Source: CRAN
Version: 2.0.1
Hash: 9a3ac4e5fd8059af0fc5156bcb019bbc

Package: RJSONIO
Source: CRAN
Version: 1.3-0
Hash: 8b1341dfd547c90ed4b3365d5aa46a7b

Package: Rcpp
Source: CRAN
Version: 0.11.4
Hash: 1f684f6afd28079e4e609b49f353e49f

Package: digest
Source: CRAN
Version: 0.6.8
Hash: 89dc4c8734dad5322bb3c5c2af09056f

Package: htmltools
Source: CRAN
Version: 0.2.6
Hash: 2c87108d130de261ac3c468d3316ae42
Requires: digest

Package: httpuv
Source: CRAN
Version: 1.3.2
Hash: ac540f0ff8ec50ae7c9ec69f1c81f1c7
Requires: Rcpp

Package: mime
Source: CRAN
Version: 0.2
Hash: 9179db921fcb2e5be44e217042ed06bc

Package: packrat
Source: CRAN
Version: 0.4.3
Hash: 16c72d5c802629fae5a4abca901e0199

Package: rJava
Source: CRAN
Version: 0.9-6
Hash: 5ea21341e7c1d6a40cdde6ef470fec92

Package: shiny
Source: CRAN
Version: 0.11.1
Hash: d09cdcd85e54b44e91af964cb979508f
Requires: R6, RJSONIO, digest, htmltools, httpuv, mime, xtable

Package: xlsx
Source: CRAN
Version: 0.5.7
Hash: 4083efd9872d1c233a6b6b1ccfc13e4a
Requires: rJava, xlsxjars

Package: xlsxjars
Source: CRAN
Version: 0.6.1
Hash: 3601d069f9b45b0d9a39b6954f4fed48
Requires: rJava

Package: xtable
Source: CRAN
Version: 1.7-4
Hash: 7b30b5ca6c7ae80c4f916502e3ad0237
